{
  "name": "freelance-site",
  "lockfileVersion": 3,
  "requires": true,
  "packages": {}

  {
  "name": "lb-consult",
  "host": "ton-serveur.com",
  "protocol": "ftp",
  "port": 21,
  "username": "ton_login",
  "password": "ton_mot_de_passe",
  "remotePath": "/public_html/",
  "uploadOnSave": true
}
}
"liveServer.settings.port": 5500



